// !$*UTF8*$!
{
	archiveVersion = 1;
	classes = {
	};
	objectVersion = 56;
	objects = {

/* Begin PBXBuildFile section */
		1A000001 /* ImperiumMaledictumCharacterApp.swift in Sources */ = {isa = PBXBuildFile; fileRef = 1A000000 /* ImperiumMaledictumCharacterApp.swift */; };
		1A000003 /* ContentView.swift in Sources */ = {isa = PBXBuildFile; fileRef = 1A000002 /* ContentView.swift */; };
		1A000005 /* Assets.xcassets in Resources */ = {isa = PBXBuildFile; fileRef = 1A000004 /* Assets.xcassets */; };
		1A000008 /* Preview Assets.xcassets in Resources */ = {isa = PBXBuildFile; fileRef = 1A000007 /* Preview Assets.xcassets */; };
		1A000010 /* CharacterBase.swift in Sources */ = {isa = PBXBuildFile; fileRef = 1A00000F /* CharacterBase.swift */; };
		1A000012 /* ImperiumCharacter.swift in Sources */ = {isa = PBXBuildFile; fileRef = 1A000011 /* ImperiumCharacter.swift */; };
		1A000014 /* CharacterStore.swift in Sources */ = {isa = PBXBuildFile; fileRef = 1A000013 /* CharacterStore.swift */; };
		1A000016 /* CharacterCreationWizard.swift in Sources */ = {isa = PBXBuildFile; fileRef = 1A000015 /* CharacterCreationWizard.swift */; };
		1A000018 /* CharacterDetailView.swift in Sources */ = {isa = PBXBuildFile; fileRef = 1A000017 /* CharacterDetailView.swift */; };
		CE0525832E5785E2009641C6 /* UnifiedStatusPopupView.swift in Sources */ = {isa = PBXBuildFile; fileRef = CE0525822E5785E2009641C6 /* UnifiedStatusPopupView.swift */; };
		CE0525852E5785EB009641C6 /* ChangeHistoryPopupView.swift in Sources */ = {isa = PBXBuildFile; fileRef = CE0525842E5785EB009641C6 /* ChangeHistoryPopupView.swift */; };
		CE0525892E57860D009641C6 /* PsychicPowerModel.swift in Sources */ = {isa = PBXBuildFile; fileRef = CE0525882E57860D009641C6 /* PsychicPowerModel.swift */; };
		CE05258A2E57860D009641C6 /* ChangeLogEntry.swift in Sources */ = {isa = PBXBuildFile; fileRef = CE0525862E57860D009641C6 /* ChangeLogEntry.swift */; };
		CE05258B2E57860D009641C6 /* CharacterSnapshot.swift in Sources */ = {isa = PBXBuildFile; fileRef = CE0525872E57860D009641C6 /* CharacterSnapshot.swift */; };
		CE81EBE02E7655D800FE4DDF /* ArmorModel.swift in Sources */ = {isa = PBXBuildFile; fileRef = CE81EBDF2E7655D800FE4DDF /* ArmorModel.swift */; };
		CE94F7502E4FE646008F9F08 /* CharacteristicModel.swift in Sources */ = {isa = PBXBuildFile; fileRef = CE94F7482E4FE646008F9F08 /* CharacteristicModel.swift */; };
		CE94F7512E4FE646008F9F08 /* ReputationModel.swift in Sources */ = {isa = PBXBuildFile; fileRef = CE94F74C2E4FE646008F9F08 /* ReputationModel.swift */; };
		CE94F7522E4FE646008F9F08 /* FactionModel.swift in Sources */ = {isa = PBXBuildFile; fileRef = CE94F74A2E4FE646008F9F08 /* FactionModel.swift */; };
		CE94F7532E4FE646008F9F08 /* EquipmentModel.swift in Sources */ = {isa = PBXBuildFile; fileRef = CE94F7492E4FE646008F9F08 /* EquipmentModel.swift */; };
		CE94F7542E4FE646008F9F08 /* WeaponModel.swift in Sources */ = {isa = PBXBuildFile; fileRef = CE94F74F2E4FE646008F9F08 /* WeaponModel.swift */; };
		CE94F7552E4FE646008F9F08 /* OriginModel.swift in Sources */ = {isa = PBXBuildFile; fileRef = CE94F74B2E4FE646008F9F08 /* OriginModel.swift */; };
		CE94F7562E4FE646008F9F08 /* TalentModel.swift in Sources */ = {isa = PBXBuildFile; fileRef = CE94F74E2E4FE646008F9F08 /* TalentModel.swift */; };
		CE94F7572E4FE646008F9F08 /* SkillModel.swift in Sources */ = {isa = PBXBuildFile; fileRef = CE94F74D2E4FE646008F9F08 /* SkillModel.swift */; };
		CE94F7592E515FB4008F9F08 /* CriticalWoundModel.swift in Sources */ = {isa = PBXBuildFile; fileRef = CE94F7582E515FB4008F9F08 /* CriticalWoundModel.swift */; };
		CE94F75B2E526378008F9F08 /* ConditionModel.swift in Sources */ = {isa = PBXBuildFile; fileRef = CE94F75A2E526378008F9F08 /* ConditionModel.swift */; };
		CE94F7652E52B197008F9F08 /* PsychicPowersTabView.swift in Sources */ = {isa = PBXBuildFile; fileRef = CE94F7622E52B197008F9F08 /* PsychicPowersTabView.swift */; };
		CE94F7662E52B197008F9F08 /* StatusPopupView.swift in Sources */ = {isa = PBXBuildFile; fileRef = CE94F7632E52B197008F9F08 /* StatusPopupView.swift */; };
		CE94F7672E52B197008F9F08 /* EquipmentTabView.swift in Sources */ = {isa = PBXBuildFile; fileRef = CE94F75F2E52B197008F9F08 /* EquipmentTabView.swift */; };
		CE94F7692E52B197008F9F08 /* TalentsTabView.swift in Sources */ = {isa = PBXBuildFile; fileRef = CE94F7642E52B197008F9F08 /* TalentsTabView.swift */; };
		CE94F76A2E52B197008F9F08 /* CharacterDetailComponents.swift in Sources */ = {isa = PBXBuildFile; fileRef = CE94F75C2E52B197008F9F08 /* CharacterDetailComponents.swift */; };
		CE94F76B2E52B197008F9F08 /* OverviewTabView.swift in Sources */ = {isa = PBXBuildFile; fileRef = CE94F7612E52B197008F9F08 /* OverviewTabView.swift */; };
		CE94F76C2E52B197008F9F08 /* CharacteristicsTabView.swift in Sources */ = {isa = PBXBuildFile; fileRef = CE94F75D2E52B197008F9F08 /* CharacteristicsTabView.swift */; };
		CE94F76F2E52B86C008F9F08 /* ReputationTabView.swift in Sources */ = {isa = PBXBuildFile; fileRef = CE94F76E2E52B86C008F9F08 /* ReputationTabView.swift */; };
/* End PBXBuildFile section */

/* Begin PBXFileReference section */
		1A000000 /* ImperiumMaledictumCharacterApp.swift */ = {isa = PBXFileReference; lastKnownFileType = sourcecode.swift; path = ImperiumMaledictumCharacterApp.swift; sourceTree = "<group>"; };
		1A000002 /* ContentView.swift */ = {isa = PBXFileReference; lastKnownFileType = sourcecode.swift; path = ContentView.swift; sourceTree = "<group>"; };
		1A000004 /* Assets.xcassets */ = {isa = PBXFileReference; lastKnownFileType = folder.assetcatalog; path = Assets.xcassets; sourceTree = "<group>"; };
		1A000007 /* Preview Assets.xcassets */ = {isa = PBXFileReference; lastKnownFileType = folder.assetcatalog; path = "Preview Assets.xcassets"; sourceTree = "<group>"; };
		1A00000F /* CharacterBase.swift */ = {isa = PBXFileReference; lastKnownFileType = sourcecode.swift; path = CharacterBase.swift; sourceTree = "<group>"; };
		1A000011 /* ImperiumCharacter.swift */ = {isa = PBXFileReference; lastKnownFileType = sourcecode.swift; path = ImperiumCharacter.swift; sourceTree = "<group>"; };
		1A000013 /* CharacterStore.swift */ = {isa = PBXFileReference; lastKnownFileType = sourcecode.swift; path = CharacterStore.swift; sourceTree = "<group>"; };
		1A000015 /* CharacterCreationWizard.swift */ = {isa = PBXFileReference; lastKnownFileType = sourcecode.swift; path = CharacterCreationWizard.swift; sourceTree = "<group>"; };
		1A000017 /* CharacterDetailView.swift */ = {isa = PBXFileReference; lastKnownFileType = sourcecode.swift; path = CharacterDetailView.swift; sourceTree = "<group>"; };
		1AFFFFFF /* ImperiumMaledictumCharacter.app */ = {isa = PBXFileReference; explicitFileType = wrapper.application; includeInIndex = 0; path = ImperiumMaledictumCharacter.app; sourceTree = BUILT_PRODUCTS_DIR; };
		CE0525822E5785E2009641C6 /* UnifiedStatusPopupView.swift */ = {isa = PBXFileReference; lastKnownFileType = sourcecode.swift; path = UnifiedStatusPopupView.swift; sourceTree = "<group>"; };
		CE0525842E5785EB009641C6 /* ChangeHistoryPopupView.swift */ = {isa = PBXFileReference; lastKnownFileType = sourcecode.swift; path = ChangeHistoryPopupView.swift; sourceTree = "<group>"; };
		CE0525862E57860D009641C6 /* ChangeLogEntry.swift */ = {isa = PBXFileReference; lastKnownFileType = sourcecode.swift; path = ChangeLogEntry.swift; sourceTree = "<group>"; };
		CE0525872E57860D009641C6 /* CharacterSnapshot.swift */ = {isa = PBXFileReference; lastKnownFileType = sourcecode.swift; path = CharacterSnapshot.swift; sourceTree = "<group>"; };
		CE0525882E57860D009641C6 /* PsychicPowerModel.swift */ = {isa = PBXFileReference; lastKnownFileType = sourcecode.swift; path = PsychicPowerModel.swift; sourceTree = "<group>"; };
		CE81EBDF2E7655D800FE4DDF /* ArmorModel.swift */ = {isa = PBXFileReference; lastKnownFileType = sourcecode.swift; path = ArmorModel.swift; sourceTree = "<group>"; };
		CE94F7482E4FE646008F9F08 /* CharacteristicModel.swift */ = {isa = PBXFileReference; lastKnownFileType = sourcecode.swift; path = CharacteristicModel.swift; sourceTree = "<group>"; };
		CE94F7492E4FE646008F9F08 /* EquipmentModel.swift */ = {isa = PBXFileReference; lastKnownFileType = sourcecode.swift; path = EquipmentModel.swift; sourceTree = "<group>"; };
		CE94F74A2E4FE646008F9F08 /* FactionModel.swift */ = {isa = PBXFileReference; lastKnownFileType = sourcecode.swift; path = FactionModel.swift; sourceTree = "<group>"; };
		CE94F74B2E4FE646008F9F08 /* OriginModel.swift */ = {isa = PBXFileReference; lastKnownFileType = sourcecode.swift; path = OriginModel.swift; sourceTree = "<group>"; };
		CE94F74C2E4FE646008F9F08 /* ReputationModel.swift */ = {isa = PBXFileReference; lastKnownFileType = sourcecode.swift; path = ReputationModel.swift; sourceTree = "<group>"; };
		CE94F74D2E4FE646008F9F08 /* SkillModel.swift */ = {isa = PBXFileReference; lastKnownFileType = sourcecode.swift; path = SkillModel.swift; sourceTree = "<group>"; };
		CE94F74E2E4FE646008F9F08 /* TalentModel.swift */ = {isa = PBXFileReference; lastKnownFileType = sourcecode.swift; path = TalentModel.swift; sourceTree = "<group>"; };
		CE94F74F2E4FE646008F9F08 /* WeaponModel.swift */ = {isa = PBXFileReference; lastKnownFileType = sourcecode.swift; path = WeaponModel.swift; sourceTree = "<group>"; };
		CE94F7582E515FB4008F9F08 /* CriticalWoundModel.swift */ = {isa = PBXFileReference; lastKnownFileType = sourcecode.swift; path = CriticalWoundModel.swift; sourceTree = "<group>"; };
		CE94F75A2E526378008F9F08 /* ConditionModel.swift */ = {isa = PBXFileReference; lastKnownFileType = sourcecode.swift; path = ConditionModel.swift; sourceTree = "<group>"; };
		CE94F75C2E52B197008F9F08 /* CharacterDetailComponents.swift */ = {isa = PBXFileReference; lastKnownFileType = sourcecode.swift; path = CharacterDetailComponents.swift; sourceTree = "<group>"; };
		CE94F75D2E52B197008F9F08 /* CharacteristicsTabView.swift */ = {isa = PBXFileReference; lastKnownFileType = sourcecode.swift; path = CharacteristicsTabView.swift; sourceTree = "<group>"; };
		CE94F75F2E52B197008F9F08 /* EquipmentTabView.swift */ = {isa = PBXFileReference; lastKnownFileType = sourcecode.swift; path = EquipmentTabView.swift; sourceTree = "<group>"; };
		CE94F7612E52B197008F9F08 /* OverviewTabView.swift */ = {isa = PBXFileReference; lastKnownFileType = sourcecode.swift; path = OverviewTabView.swift; sourceTree = "<group>"; };
		CE94F7622E52B197008F9F08 /* PsychicPowersTabView.swift */ = {isa = PBXFileReference; lastKnownFileType = sourcecode.swift; path = PsychicPowersTabView.swift; sourceTree = "<group>"; };
		CE94F7632E52B197008F9F08 /* StatusPopupView.swift */ = {isa = PBXFileReference; lastKnownFileType = sourcecode.swift; path = StatusPopupView.swift; sourceTree = "<group>"; };
		CE94F7642E52B197008F9F08 /* TalentsTabView.swift */ = {isa = PBXFileReference; lastKnownFileType = sourcecode.swift; path = TalentsTabView.swift; sourceTree = "<group>"; };
		CE94F76E2E52B86C008F9F08 /* ReputationTabView.swift */ = {isa = PBXFileReference; lastKnownFileType = sourcecode.swift; path = ReputationTabView.swift; sourceTree = "<group>"; };
/* End PBXFileReference section */

/* Begin PBXFrameworksBuildPhase section */
		1AFFFFFC /* Frameworks */ = {
			isa = PBXFrameworksBuildPhase;
			buildActionMask = 2147483647;
			files = (
			);
			runOnlyForDeploymentPostprocessing = 0;
		};
/* End PBXFrameworksBuildPhase section */

/* Begin PBXGroup section */
		1A000006 /* Preview Content */ = {
			isa = PBXGroup;
			children = (
				1A000007 /* Preview Assets.xcassets */,
			);
			path = "Preview Content";
			sourceTree = "<group>";
		};
		1A00000E /* Characters */ = {
			isa = PBXGroup;
			children = (
				CE81EBDF2E7655D800FE4DDF /* ArmorModel.swift */,
				CE0525862E57860D009641C6 /* ChangeLogEntry.swift */,
				CE0525872E57860D009641C6 /* CharacterSnapshot.swift */,
				CE0525882E57860D009641C6 /* PsychicPowerModel.swift */,
				CE94F75A2E526378008F9F08 /* ConditionModel.swift */,
				CE94F7582E515FB4008F9F08 /* CriticalWoundModel.swift */,
				CE94F7482E4FE646008F9F08 /* CharacteristicModel.swift */,
				CE94F7492E4FE646008F9F08 /* EquipmentModel.swift */,
				CE94F74A2E4FE646008F9F08 /* FactionModel.swift */,
				CE94F74B2E4FE646008F9F08 /* OriginModel.swift */,
				CE94F74C2E4FE646008F9F08 /* ReputationModel.swift */,
				CE94F74D2E4FE646008F9F08 /* SkillModel.swift */,
				CE94F74E2E4FE646008F9F08 /* TalentModel.swift */,
				CE94F74F2E4FE646008F9F08 /* WeaponModel.swift */,
				1A00000F /* CharacterBase.swift */,
				1A000011 /* ImperiumCharacter.swift */,
				1A000013 /* CharacterStore.swift */,
			);
			path = Characters;
			sourceTree = "<group>";
		};
		1A000019 /* Creation */ = {
			isa = PBXGroup;
			children = (
				1A000015 /* CharacterCreationWizard.swift */,
			);
			path = Creation;
			sourceTree = "<group>";
		};
		1A00001A /* Display */ = {
			isa = PBXGroup;
			children = (
				CE0525842E5785EB009641C6 /* ChangeHistoryPopupView.swift */,
				CE0525822E5785E2009641C6 /* UnifiedStatusPopupView.swift */,
				CE94F76E2E52B86C008F9F08 /* ReputationTabView.swift */,
				CE94F75C2E52B197008F9F08 /* CharacterDetailComponents.swift */,
				CE94F75D2E52B197008F9F08 /* CharacteristicsTabView.swift */,
				CE94F75F2E52B197008F9F08 /* EquipmentTabView.swift */,
				CE94F7612E52B197008F9F08 /* OverviewTabView.swift */,
				CE94F7622E52B197008F9F08 /* PsychicPowersTabView.swift */,
				CE94F7632E52B197008F9F08 /* StatusPopupView.swift */,
				CE94F7642E52B197008F9F08 /* TalentsTabView.swift */,
				1A000017 /* CharacterDetailView.swift */,
			);
			path = Display;
			sourceTree = "<group>";
		};
		1AFFFFF6 /* Products */ = {
			isa = PBXGroup;
			children = (
				1AFFFFFF /* ImperiumMaledictumCharacter.app */,
			);
			name = Products;
			sourceTree = "<group>";
		};
		1AFFFFF7 = {
			isa = PBXGroup;
			children = (
				1AFFFFF6 /* Products */,
				1AFFFFF8 /* ImperiumMaledictumCharacter */,
			);
			sourceTree = "<group>";
		};
		1AFFFFF8 /* ImperiumMaledictumCharacter */ = {
			isa = PBXGroup;
			children = (
				1A000000 /* ImperiumMaledictumCharacterApp.swift */,
				1A000002 /* ContentView.swift */,
				1A00000E /* Characters */,
				1A000019 /* Creation */,
				1A00001A /* Display */,
				1A000004 /* Assets.xcassets */,
				1A000006 /* Preview Content */,
			);
			path = ImperiumMaledictumCharacter;
			sourceTree = "<group>";
		};
/* End PBXGroup section */

/* Begin PBXNativeTarget section */
		1AFFFFFE /* ImperiumMaledictumCharacter */ = {
			isa = PBXNativeTarget;
			buildConfigurationList = 1A00000B /* Build configuration list for PBXNativeTarget "ImperiumMaledictumCharacter" */;
			buildPhases = (
				1AFFFFFB /* Sources */,
				1AFFFFFC /* Frameworks */,
				1AFFFFFD /* Resources */,
			);
			buildRules = (
			);
			dependencies = (
			);
			name = ImperiumMaledictumCharacter;
			productName = ImperiumMaledictumCharacter;
			productReference = 1AFFFFFF /* ImperiumMaledictumCharacter.app */;
			productType = "com.apple.product-type.application";
		};
/* End PBXNativeTarget section */

/* Begin PBXProject section */
		1AFFFFF9 /* Project object */ = {
			isa = PBXProject;
			attributes = {
				BuildIndependentTargetsInParallel = 1;
				LastSwiftUpdateCheck = 1500;
				LastUpgradeCheck = 1500;
				TargetAttributes = {
					1AFFFFFE = {
						CreatedOnToolsVersion = 15.0;
					};
				};
			};
			buildConfigurationList = 1AFFFFFA /* Build configuration list for PBXProject "ImperiumMaledictumCharacter" */;
			compatibilityVersion = "Xcode 14.0";
			developmentRegion = en;
			hasScannedForEncodings = 0;
			knownRegions = (
				en,
				Base,
			);
			mainGroup = 1AFFFFF7;
			productRefGroup = 1AFFFFF6 /* Products */;
			projectDirPath = "";
			projectRoot = "";
			targets = (
				1AFFFFFE /* ImperiumMaledictumCharacter */,
			);
		};
/* End PBXProject section */

/* Begin PBXResourcesBuildPhase section */
		1AFFFFFD /* Resources */ = {
			isa = PBXResourcesBuildPhase;
			buildActionMask = 2147483647;
			files = (
				1A000008 /* Preview Assets.xcassets in Resources */,
				1A000005 /* Assets.xcassets in Resources */,
			);
			runOnlyForDeploymentPostprocessing = 0;
		};
/* End PBXResourcesBuildPhase section */

/* Begin PBXSourcesBuildPhase section */
		1AFFFFFB /* Sources */ = {
			isa = PBXSourcesBuildPhase;
			buildActionMask = 2147483647;
			files = (
				CE94F7502E4FE646008F9F08 /* CharacteristicModel.swift in Sources */,
				CE94F7512E4FE646008F9F08 /* ReputationModel.swift in Sources */,
				CE94F7522E4FE646008F9F08 /* FactionModel.swift in Sources */,
				CE94F7532E4FE646008F9F08 /* EquipmentModel.swift in Sources */,
				CE94F7542E4FE646008F9F08 /* WeaponModel.swift in Sources */,
				CE94F7552E4FE646008F9F08 /* OriginModel.swift in Sources */,
				CE94F75B2E526378008F9F08 /* ConditionModel.swift in Sources */,
				CE94F7562E4FE646008F9F08 /* TalentModel.swift in Sources */,
				CE94F7572E4FE646008F9F08 /* SkillModel.swift in Sources */,
				1A000003 /* ContentView.swift in Sources */,
				CE0525832E5785E2009641C6 /* UnifiedStatusPopupView.swift in Sources */,
				CE81EBE02E7655D800FE4DDF /* ArmorModel.swift in Sources */,
				1A000010 /* CharacterBase.swift in Sources */,
				1A000012 /* ImperiumCharacter.swift in Sources */,
				1A000014 /* CharacterStore.swift in Sources */,
				CE94F7592E515FB4008F9F08 /* CriticalWoundModel.swift in Sources */,
				CE0525892E57860D009641C6 /* PsychicPowerModel.swift in Sources */,
				CE05258A2E57860D009641C6 /* ChangeLogEntry.swift in Sources */,
				CE05258B2E57860D009641C6 /* CharacterSnapshot.swift in Sources */,
				1A000016 /* CharacterCreationWizard.swift in Sources */,
				1A000018 /* CharacterDetailView.swift in Sources */,
				CE0525852E5785EB009641C6 /* ChangeHistoryPopupView.swift in Sources */,
				1A000001 /* ImperiumMaledictumCharacterApp.swift in Sources */,
				CE94F7652E52B197008F9F08 /* PsychicPowersTabView.swift in Sources */,
				CE94F7662E52B197008F9F08 /* StatusPopupView.swift in Sources */,
				CE94F7672E52B197008F9F08 /* EquipmentTabView.swift in Sources */,
				CE94F7692E52B197008F9F08 /* TalentsTabView.swift in Sources */,
				CE94F76A2E52B197008F9F08 /* CharacterDetailComponents.swift in Sources */,
				CE94F76B2E52B197008F9F08 /* OverviewTabView.swift in Sources */,
				CE94F76C2E52B197008F9F08 /* CharacteristicsTabView.swift in Sources */,
				CE94F76F2E52B86C008F9F08 /* ReputationTabView.swift in Sources */,
			);
			runOnlyForDeploymentPostprocessing = 0;
		};
/* End PBXSourcesBuildPhase section */

/* Begin XCBuildConfiguration section */
		1A000009 /* Debug */ = {
			isa = XCBuildConfiguration;
			buildSettings = {
				ALWAYS_SEARCH_USER_PATHS = NO;
				ASSETCATALOG_COMPILER_GENERATE_SWIFT_ASSET_SYMBOL_EXTENSIONS = YES;
				CLANG_ANALYZER_NONNULL = YES;
				CLANG_ANALYZER_NUMBER_OBJECT_CONVERSION = YES_AGGRESSIVE;
				CLANG_CXX_LANGUAGE_STANDARD = "gnu++20";
				CLANG_ENABLE_MODULES = YES;
				CLANG_ENABLE_OBJC_ARC = YES;
				CLANG_ENABLE_OBJC_WEAK = YES;
				CLANG_WARN_BLOCK_CAPTURE_AUTORELEASING = YES;
				CLANG_WARN_BOOL_CONVERSION = YES;
				CLANG_WARN_COMMA = YES;
				CLANG_WARN_CONSTANT_CONVERSION = YES;
				CLANG_WARN_DEPRECATED_OBJC_IMPLEMENTATIONS = YES;
				CLANG_WARN_DIRECT_OBJC_ISA_USAGE = YES_ERROR;
				CLANG_WARN_DOCUMENTATION_COMMENTS = YES;
				CLANG_WARN_EMPTY_BODY = YES;
				CLANG_WARN_ENUM_CONVERSION = YES;
				CLANG_WARN_INFINITE_RECURSION = YES;
				CLANG_WARN_INT_CONVERSION = YES;
				CLANG_WARN_NON_LITERAL_NULL_CONVERSION = YES;
				CLANG_WARN_OBJC_IMPLICIT_RETAIN_SELF = YES;
				CLANG_WARN_OBJC_LITERAL_CONVERSION = YES;
				CLANG_WARN_OBJC_ROOT_CLASS = YES_ERROR;
				CLANG_WARN_QUOTED_INCLUDE_IN_FRAMEWORK_HEADER = YES;
				CLANG_WARN_RANGE_LOOP_ANALYSIS = YES;
				CLANG_WARN_STRICT_PROTOTYPES = YES;
				CLANG_WARN_SUSPICIOUS_MOVE = YES;
				CLANG_WARN_UNGUARDED_AVAILABILITY = YES_AGGRESSIVE;
				CLANG_WARN_UNREACHABLE_CODE = YES;
				CLANG_WARN__DUPLICATE_METHOD_MATCH = YES;
				COPY_PHASE_STRIP = NO;
				DEBUG_INFORMATION_FORMAT = dwarf;
				ENABLE_STRICT_OBJC_MSGSEND = YES;
				ENABLE_TESTABILITY = YES;
				ENABLE_USER_SCRIPT_SANDBOXING = YES;
				GCC_C_LANGUAGE_STANDARD = gnu17;
				GCC_DYNAMIC_NO_PIC = NO;
				GCC_NO_COMMON_BLOCKS = YES;
				GCC_OPTIMIZATION_LEVEL = 0;
				GCC_PREPROCESSOR_DEFINITIONS = (
					"DEBUG=1",
					"$(inherited)",
				);
				GCC_WARN_64_TO_32_BIT_CONVERSION = YES;
				GCC_WARN_ABOUT_RETURN_TYPE = YES_ERROR;
				GCC_WARN_UNDECLARED_SELECTOR = YES;
				GCC_WARN_UNINITIALIZED_AUTOS = YES_AGGRESSIVE;
				GCC_WARN_UNUSED_FUNCTION = YES;
				GCC_WARN_UNUSED_VARIABLE = YES;
				IPHONEOS_DEPLOYMENT_TARGET = 17.0;
				LOCALIZATION_PREFERS_STRING_CATALOGS = YES;
				MTL_ENABLE_DEBUG_INFO = INCLUDE_SOURCE;
				MTL_FAST_MATH = YES;
				ONLY_ACTIVE_ARCH = YES;
				SDKROOT = iphoneos;
				SWIFT_ACTIVE_COMPILATION_CONDITIONS = "DEBUG $(inherited)";
				SWIFT_OPTIMIZATION_LEVEL = "-Onone";
			};
			name = Debug;
		};
		1A00000A /* Release */ = {
			isa = XCBuildConfiguration;
			buildSettings = {
				ALWAYS_SEARCH_USER_PATHS = NO;
				ASSETCATALOG_COMPILER_GENERATE_SWIFT_ASSET_SYMBOL_EXTENSIONS = YES;
				CLANG_ANALYZER_NONNULL = YES;
				CLANG_ANALYZER_NUMBER_OBJECT_CONVERSION = YES_AGGRESSIVE;
				CLANG_CXX_LANGUAGE_STANDARD = "gnu++20";
				CLANG_ENABLE_MODULES = YES;
				CLANG_ENABLE_OBJC_ARC = YES;
				CLANG_ENABLE_OBJC_WEAK = YES;
				CLANG_WARN_BLOCK_CAPTURE_AUTORELEASING = YES;
				CLANG_WARN_BOOL_CONVERSION = YES;
				CLANG_WARN_COMMA = YES;
				CLANG_WARN_CONSTANT_CONVERSION = YES;
				CLANG_WARN_DEPRECATED_OBJC_IMPLEMENTATIONS = YES;
				CLANG_WARN_DIRECT_OBJC_ISA_USAGE = YES_ERROR;
				CLANG_WARN_DOCUMENTATION_COMMENTS = YES;
				CLANG_WARN_EMPTY_BODY = YES;
				CLANG_WARN_ENUM_CONVERSION = YES;
				CLANG_WARN_INFINITE_RECURSION = YES;
				CLANG_WARN_INT_CONVERSION = YES;
				CLANG_WARN_NON_LITERAL_NULL_CONVERSION = YES;
				CLANG_WARN_OBJC_IMPLICIT_RETAIN_SELF = YES;
				CLANG_WARN_OBJC_LITERAL_CONVERSION = YES;
				CLANG_WARN_OBJC_ROOT_CLASS = YES_ERROR;
				CLANG_WARN_QUOTED_INCLUDE_IN_FRAMEWORK_HEADER = YES;
				CLANG_WARN_RANGE_LOOP_ANALYSIS = YES;
				CLANG_WARN_STRICT_PROTOTYPES = YES;
				CLANG_WARN_SUSPICIOUS_MOVE = YES;
				CLANG_WARN_UNGUARDED_AVAILABILITY = YES_AGGRESSIVE;
				CLANG_WARN_UNREACHABLE_CODE = YES;
				CLANG_WARN__DUPLICATE_METHOD_MATCH = YES;
				COPY_PHASE_STRIP = NO;
				DEBUG_INFORMATION_FORMAT = "dwarf-with-dsym";
				ENABLE_NS_ASSERTIONS = NO;
				ENABLE_STRICT_OBJC_MSGSEND = YES;
				ENABLE_USER_SCRIPT_SANDBOXING = YES;
				GCC_C_LANGUAGE_STANDARD = gnu17;
				GCC_NO_COMMON_BLOCKS = YES;
				GCC_WARN_64_TO_32_BIT_CONVERSION = YES;
				GCC_WARN_ABOUT_RETURN_TYPE = YES_ERROR;
				GCC_WARN_UNDECLARED_SELECTOR = YES;
				GCC_WARN_UNINITIALIZED_AUTOS = YES_AGGRESSIVE;
				GCC_WARN_UNUSED_FUNCTION = YES;
				GCC_WARN_UNUSED_VARIABLE = YES;
				IPHONEOS_DEPLOYMENT_TARGET = 17.0;
				LOCALIZATION_PREFERS_STRING_CATALOGS = YES;
				MTL_ENABLE_DEBUG_INFO = NO;
				MTL_FAST_MATH = YES;
				SDKROOT = iphoneos;
				SWIFT_COMPILATION_MODE = wholemodule;
				VALIDATE_PRODUCT = YES;
			};
			name = Release;
		};
		1A00000C /* Debug */ = {
			isa = XCBuildConfiguration;
			buildSettings = {
				ASSETCATALOG_COMPILER_APPICON_NAME = AppIcon;
				ASSETCATALOG_COMPILER_GLOBAL_ACCENT_COLOR_NAME = AccentColor;
				CODE_SIGN_STYLE = Automatic;
				CURRENT_PROJECT_VERSION = 8;
				DEVELOPMENT_ASSET_PATHS = "\"ImperiumMaledictumCharacter/Preview Content\"";
				DEVELOPMENT_TEAM = CRJA93YZ67;
				ENABLE_PREVIEWS = YES;
				GENERATE_INFOPLIST_FILE = YES;
				INFOPLIST_KEY_UIApplicationSceneManifest_Generation = YES;
				INFOPLIST_KEY_UIApplicationSupportsIndirectInputEvents = YES;
				INFOPLIST_KEY_UILaunchScreen_Generation = YES;
				INFOPLIST_KEY_UISupportedInterfaceOrientations_iPad = "UIInterfaceOrientationPortrait UIInterfaceOrientationPortraitUpsideDown UIInterfaceOrientationLandscapeLeft UIInterfaceOrientationLandscapeRight";
				INFOPLIST_KEY_UISupportedInterfaceOrientations_iPhone = "UIInterfaceOrientationPortrait UIInterfaceOrientationLandscapeLeft UIInterfaceOrientationLandscapeRight";
				LD_RUNPATH_SEARCH_PATHS = (
					"$(inherited)",
					"@executable_path/Frameworks",
				);
				MARKETING_VERSION = 1.0;
				PRODUCT_BUNDLE_IDENTIFIER = com.example.ImperiumMaledictumCharacter;
				PRODUCT_NAME = "$(TARGET_NAME)";
				SWIFT_EMIT_LOC_STRINGS = YES;
				SWIFT_VERSION = 5.0;
				TARGETED_DEVICE_FAMILY = "1,2";
			};
			name = Debug;
		};
		1A00000D /* Release */ = {
			isa = XCBuildConfiguration;
			buildSettings = {
				ASSETCATALOG_COMPILER_APPICON_NAME = AppIcon;
				ASSETCATALOG_COMPILER_GLOBAL_ACCENT_COLOR_NAME = AccentColor;
				CODE_SIGN_STYLE = Automatic;
				CURRENT_PROJECT_VERSION = 8;
				DEVELOPMENT_ASSET_PATHS = "\"ImperiumMaledictumCharacter/Preview Content\"";
				DEVELOPMENT_TEAM = CRJA93YZ67;
				ENABLE_PREVIEWS = YES;
				GENERATE_INFOPLIST_FILE = YES;
				INFOPLIST_KEY_UIApplicationSceneManifest_Generation = YES;
				INFOPLIST_KEY_UIApplicationSupportsIndirectInputEvents = YES;
				INFOPLIST_KEY_UILaunchScreen_Generation = YES;
				INFOPLIST_KEY_UISupportedInterfaceOrientations_iPad = "UIInterfaceOrientationPortrait UIInterfaceOrientationPortraitUpsideDown UIInterfaceOrientationLandscapeLeft UIInterfaceOrientationLandscapeRight";
				INFOPLIST_KEY_UISupportedInterfaceOrientations_iPhone = "UIInterfaceOrientationPortrait UIInterfaceOrientationLandscapeLeft UIInterfaceOrientationLandscapeRight";
				LD_RUNPATH_SEARCH_PATHS = (
					"$(inherited)",
					"@executable_path/Frameworks",
				);
				MARKETING_VERSION = 1.0;
				PRODUCT_BUNDLE_IDENTIFIER = com.example.ImperiumMaledictumCharacter;
				PRODUCT_NAME = "$(TARGET_NAME)";
				SWIFT_EMIT_LOC_STRINGS = YES;
				SWIFT_VERSION = 5.0;
				TARGETED_DEVICE_FAMILY = "1,2";
			};
			name = Release;
		};
/* End XCBuildConfiguration section */

/* Begin XCConfigurationList section */
		1A00000B /* Build configuration list for PBXNativeTarget "ImperiumMaledictumCharacter" */ = {
			isa = XCConfigurationList;
			buildConfigurations = (
				1A00000C /* Debug */,
				1A00000D /* Release */,
			);
			defaultConfigurationIsVisible = 0;
			defaultConfigurationName = Release;
		};
		1AFFFFFA /* Build configuration list for PBXProject "ImperiumMaledictumCharacter" */ = {
			isa = XCConfigurationList;
			buildConfigurations = (
				1A000009 /* Debug */,
				1A00000A /* Release */,
			);
			defaultConfigurationIsVisible = 0;
			defaultConfigurationName = Release;
		};
/* End XCConfigurationList section */
	};
	rootObject = 1AFFFFF9 /* Project object */;
}
